{
  "originHash" : "03c3f254f989d942d20f16dbb70474f875602cfa780fa2ee6a9b7c5ef66a5475",
  "pins" : [
    {
      "identity" : "cborcoding",
      "kind" : "remoteSourceControl",
      "location" : "https://github.com/SomeRandomiOSDev/CBORCoding.git",
      "state" : {
        "revision" : "6fbd643c64cf6ef7a98391820c372d05fa9ed9ab",
        "version" : "1.4.0"
      }
    },
    {
      "identity" : "half",
      "kind" : "remoteSourceControl",
      "location" : "https://github.com/SomeRandomiOSDev/Half",
      "state" : {
        "revision" : "14b1ab35ffdf62c999ef1016ec0f8e745a6feed5",
        "version" : "1.4.2"
      }
    },
    {
      "identity" : "simpleauthenticationservices",
      "kind" : "remoteSourceControl",
      "location" : "https://github.com/corbado/SimpleAuthenticationServices.git",
      "state" : {
        "revision" : "9ecf088095f6998ef2451f41c75190ea6d06ec3a",
        "version" : "1.1.1"
      }
    },
    {
      "identity" : "swifter",
      "kind" : "remoteSourceControl",
      "location" : "https://github.com/httpswift/swifter.git",
      "state" : {
        "revision" : "9483a5d459b45c3ffd059f7b55f9638e268632fd",
        "version" : "1.5.0"
      }
    }
  ],
  "version" : 3
}
